
Microsoft Visual Studio Solution File, Format Version 12.00
# Visual Studio Version 17
VisualStudioVersion = 17.13.35931.197 d17.13
MinimumVisualStudioVersion = 10.0.40219.1
Project("{FAE04EC0-301F-11D3-BF4B-00C04F79EFBC}") = "SMartinOnline.BLL", "SMartinOnline.BLL\SMartinOnline.BLL.csproj", "{9E610F16-1C94-403E-B461-01CB508D7B76}"
EndProject
Global
	GlobalSection(SolutionConfigurationPlatforms) = preSolution
		Debug|Any CPU = Debug|Any CPU
		Release|Any CPU = Release|Any CPU
	EndGlobalSection
	GlobalSection(ProjectConfigurationPlatforms) = postSolution
		{9E610F16-1C94-403E-B461-01CB508D7B76}.Debug|Any CPU.ActiveCfg = Debug|Any CPU
		{9E610F16-1C94-403E-B461-01CB508D7B76}.Debug|Any CPU.Build.0 = Debug|Any CPU
		{9E610F16-1C94-403E-B461-01CB508D7B76}.Release|Any CPU.ActiveCfg = Release|Any CPU
		{9E610F16-1C94-403E-B461-01CB508D7B76}.Release|Any CPU.Build.0 = Release|Any CPU
	EndGlobalSection
	GlobalSection(SolutionProperties) = preSolution
		HideSolutionNode = FALSE
	EndGlobalSection
	GlobalSection(ExtensibilityGlobals) = postSolution
		SolutionGuid = {198E869F-0919-47F9-99AA-679D0F8068DA}
	EndGlobalSection
EndGlobal
